// !$*UTF8*$!
{
	archiveVersion = 1;
	classes = {
	};
	objectVersion = 48;
	objects = {

/* Begin PBXBuildFile section */
		422991CD1FB8900D009DB651 /* Extensions.swift in Sources */ = {isa = PBXBuildFile; fileRef = 422991CC1FB8900D009DB651 /* Extensions.swift */; };
		422991CF1FB890FA009DB651 /* Constants.swift in Sources */ = {isa = PBXBuildFile; fileRef = 422991CE1FB890FA009DB651 /* Constants.swift */; };
		429735311FA9EEE000AB42BC /* AppDelegate.swift in Sources */ = {isa = PBXBuildFile; fileRef = 429735301FA9EEE000AB42BC /* AppDelegate.swift */; };
		429735331FA9EEE000AB42BC /* ViewController.swift in Sources */ = {isa = PBXBuildFile; fileRef = 429735321FA9EEE000AB42BC /* ViewController.swift */; };
		429735361FA9EEE000AB42BC /* Main.storyboard in Resources */ = {isa = PBXBuildFile; fileRef = 429735341FA9EEE000AB42BC /* Main.storyboard */; };
		429735381FA9EEE000AB42BC /* Assets.xcassets in Resources */ = {isa = PBXBuildFile; fileRef = 429735371FA9EEE000AB42BC /* Assets.xcassets */; };
		4297353B1FA9EEE000AB42BC /* LaunchScreen.storyboard in Resources */ = {isa = PBXBuildFile; fileRef = 429735391FA9EEE000AB42BC /* LaunchScreen.storyboard */; };
		429735461FA9EEE000AB42BC /* CustomFontsTests.swift in Sources */ = {isa = PBXBuildFile; fileRef = 429735451FA9EEE000AB42BC /* CustomFontsTests.swift */; };
		429735531FA9F08C00AB42BC /* helveticaneuew23forsky-reg.ttf in Resources */ = {isa = PBXBuildFile; fileRef = 429735511FA9F08A00AB42BC /* helveticaneuew23forsky-reg.ttf */; };
		429735541FA9F08C00AB42BC /* helveticaneuew23fosky-bd.ttf in Resources */ = {isa = PBXBuildFile; fileRef = 429735521FA9F08C00AB42BC /* helveticaneuew23fosky-bd.ttf */; };
		42AC101E1FE9659F00E8A253 /* Localizable.strings in Resources */ = {isa = PBXBuildFile; fileRef = 42AC10201FE9659F00E8A253 /* Localizable.strings */; };
/* End PBXBuildFile section */

/* Begin PBXContainerItemProxy section */
		429735421FA9EEE000AB42BC /* PBXContainerItemProxy */ = {
			isa = PBXContainerItemProxy;
			containerPortal = 429735251FA9EEE000AB42BC /* Project object */;
			proxyType = 1;
			remoteGlobalIDString = 4297352C1FA9EEE000AB42BC;
			remoteInfo = CustomFonts;
		};
/* End PBXContainerItemProxy section */

/* Begin PBXFileReference section */
		422991CC1FB8900D009DB651 /* Extensions.swift */ = {isa = PBXFileReference; lastKnownFileType = sourcecode.swift; path = Extensions.swift; sourceTree = "<group>"; };
		422991CE1FB890FA009DB651 /* Constants.swift */ = {isa = PBXFileReference; lastKnownFileType = sourcecode.swift; path = Constants.swift; sourceTree = "<group>"; };
		4297352D1FA9EEE000AB42BC /* CustomFonts.app */ = {isa = PBXFileReference; explicitFileType = wrapper.application; includeInIndex = 0; path = CustomFonts.app; sourceTree = BUILT_PRODUCTS_DIR; };
		429735301FA9EEE000AB42BC /* AppDelegate.swift */ = {isa = PBXFileReference; lastKnownFileType = sourcecode.swift; path = AppDelegate.swift; sourceTree = "<group>"; };
		429735321FA9EEE000AB42BC /* ViewController.swift */ = {isa = PBXFileReference; lastKnownFileType = sourcecode.swift; path = ViewController.swift; sourceTree = "<group>"; };
		429735351FA9EEE000AB42BC /* Base */ = {isa = PBXFileReference; lastKnownFileType = file.storyboard; name = Base; path = Base.lproj/Main.storyboard; sourceTree = "<group>"; };
		429735371FA9EEE000AB42BC /* Assets.xcassets */ = {isa = PBXFileReference; lastKnownFileType = folder.assetcatalog; path = Assets.xcassets; sourceTree = "<group>"; };
		4297353A1FA9EEE000AB42BC /* Base */ = {isa = PBXFileReference; lastKnownFileType = file.storyboard; name = Base; path = Base.lproj/LaunchScreen.storyboard; sourceTree = "<group>"; };
		4297353C1FA9EEE000AB42BC /* Info.plist */ = {isa = PBXFileReference; lastKnownFileType = text.plist.xml; path = Info.plist; sourceTree = "<group>"; };
		429735411FA9EEE000AB42BC /* CustomFontsTests.xctest */ = {isa = PBXFileReference; explicitFileType = wrapper.cfbundle; includeInIndex = 0; path = CustomFontsTests.xctest; sourceTree = BUILT_PRODUCTS_DIR; };
		429735451FA9EEE000AB42BC /* CustomFontsTests.swift */ = {isa = PBXFileReference; lastKnownFileType = sourcecode.swift; path = CustomFontsTests.swift; sourceTree = "<group>"; };
		429735471FA9EEE000AB42BC /* Info.plist */ = {isa = PBXFileReference; lastKnownFileType = text.plist.xml; path = Info.plist; sourceTree = "<group>"; };
		429735511FA9F08A00AB42BC /* helveticaneuew23forsky-reg.ttf */ = {isa = PBXFileReference; lastKnownFileType = file; path = "helveticaneuew23forsky-reg.ttf"; sourceTree = "<group>"; };
		429735521FA9F08C00AB42BC /* helveticaneuew23fosky-bd.ttf */ = {isa = PBXFileReference; lastKnownFileType = file; path = "helveticaneuew23fosky-bd.ttf"; sourceTree = "<group>"; };
		42AC101A1FE9614000E8A253 /* ar */ = {isa = PBXFileReference; lastKnownFileType = text.plist.strings; name = ar; path = ar.lproj/Main.strings; sourceTree = "<group>"; };
		42AC101B1FE9614000E8A253 /* ar */ = {isa = PBXFileReference; lastKnownFileType = text.plist.strings; name = ar; path = ar.lproj/LaunchScreen.strings; sourceTree = "<group>"; };
		42AC10211FE965A300E8A253 /* ar */ = {isa = PBXFileReference; lastKnownFileType = text.plist.strings; name = ar; path = ar.lproj/Localizable.strings; sourceTree = "<group>"; };
		42AC10221FE96C5B00E8A253 /* Base */ = {isa = PBXFileReference; lastKnownFileType = text.plist.strings; name = Base; path = Base.lproj/Localizable.strings; sourceTree = "<group>"; };
/* End PBXFileReference section */

/* Begin PBXFrameworksBuildPhase section */
		4297352A1FA9EEE000AB42BC /* Frameworks */ = {
			isa = PBXFrameworksBuildPhase;
			buildActionMask = 2147483647;
			files = (
			);
			runOnlyForDeploymentPostprocessing = 0;
		};
		4297353E1FA9EEE000AB42BC /* Frameworks */ = {
			isa = PBXFrameworksBuildPhase;
			buildActionMask = 2147483647;
			files = (
			);
			runOnlyForDeploymentPostprocessing = 0;
		};
/* End PBXFrameworksBuildPhase section */

/* Begin PBXGroup section */
		429735241FA9EEE000AB42BC = {
			isa = PBXGroup;
			children = (
				4297352F1FA9EEE000AB42BC /* CustomFonts */,
				429735441FA9EEE000AB42BC /* CustomFontsTests */,
				4297352E1FA9EEE000AB42BC /* Products */,
			);
			sourceTree = "<group>";
		};
		4297352E1FA9EEE000AB42BC /* Products */ = {
			isa = PBXGroup;
			children = (
				4297352D1FA9EEE000AB42BC /* CustomFonts.app */,
				429735411FA9EEE000AB42BC /* CustomFontsTests.xctest */,
			);
			name = Products;
			sourceTree = "<group>";
		};
		4297352F1FA9EEE000AB42BC /* CustomFonts */ = {
			isa = PBXGroup;
			children = (
				429735301FA9EEE000AB42BC /* AppDelegate.swift */,
				429735321FA9EEE000AB42BC /* ViewController.swift */,
				429735341FA9EEE000AB42BC /* Main.storyboard */,
				429735371FA9EEE000AB42BC /* Assets.xcassets */,
				429735391FA9EEE000AB42BC /* LaunchScreen.storyboard */,
				4297353C1FA9EEE000AB42BC /* Info.plist */,
				429735501FA9EF1800AB42BC /* Resources */,
				422991CC1FB8900D009DB651 /* Extensions.swift */,
				422991CE1FB890FA009DB651 /* Constants.swift */,
				42AC10201FE9659F00E8A253 /* Localizable.strings */,
			);
			path = CustomFonts;
			sourceTree = "<group>";
		};
		429735441FA9EEE000AB42BC /* CustomFontsTests */ = {
			isa = PBXGroup;
			children = (
				429735451FA9EEE000AB42BC /* CustomFontsTests.swift */,
				429735471FA9EEE000AB42BC /* Info.plist */,
			);
			path = CustomFontsTests;
			sourceTree = "<group>";
		};
		429735501FA9EF1800AB42BC /* Resources */ = {
			isa = PBXGroup;
			children = (
				429735511FA9F08A00AB42BC /* helveticaneuew23forsky-reg.ttf */,
				429735521FA9F08C00AB42BC /* helveticaneuew23fosky-bd.ttf */,
			);
			path = Resources;
			sourceTree = "<group>";
		};
/* End PBXGroup section */

/* Begin PBXNativeTarget section */
		4297352C1FA9EEE000AB42BC /* CustomFonts */ = {
			isa = PBXNativeTarget;
			buildConfigurationList = 4297354A1FA9EEE000AB42BC /* Build configuration list for PBXNativeTarget "CustomFonts" */;
			buildPhases = (
				429735291FA9EEE000AB42BC /* Sources */,
				4297352A1FA9EEE000AB42BC /* Frameworks */,
				4297352B1FA9EEE000AB42BC /* Resources */,
			);
			buildRules = (
			);
			dependencies = (
			);
			name = CustomFonts;
			productName = CustomFonts;
			productReference = 4297352D1FA9EEE000AB42BC /* CustomFonts.app */;
			productType = "com.apple.product-type.application";
		};
		429735401FA9EEE000AB42BC /* CustomFontsTests */ = {
			isa = PBXNativeTarget;
			buildConfigurationList = 4297354D1FA9EEE000AB42BC /* Build configuration list for PBXNativeTarget "CustomFontsTests" */;
			buildPhases = (
				4297353D1FA9EEE000AB42BC /* Sources */,
				4297353E1FA9EEE000AB42BC /* Frameworks */,
				4297353F1FA9EEE000AB42BC /* Resources */,
			);
			buildRules = (
			);
			dependencies = (
				429735431FA9EEE000AB42BC /* PBXTargetDependency */,
			);
			name = CustomFontsTests;
			productName = CustomFontsTests;
			productReference = 429735411FA9EEE000AB42BC /* CustomFontsTests.xctest */;
			productType = "com.apple.product-type.bundle.unit-test";
		};
/* End PBXNativeTarget section */

/* Begin PBXProject section */
		429735251FA9EEE000AB42BC /* Project object */ = {
			isa = PBXProject;
			attributes = {
				LastSwiftUpdateCheck = 0900;
				LastUpgradeCheck = 0900;
				ORGANIZATIONNAME = "Attia Mo";
				TargetAttributes = {
					4297352C1FA9EEE000AB42BC = {
						CreatedOnToolsVersion = 9.0.1;
						ProvisioningStyle = Automatic;
					};
					429735401FA9EEE000AB42BC = {
						CreatedOnToolsVersion = 9.0.1;
						LastSwiftMigration = 1010;
						ProvisioningStyle = Automatic;
						TestTargetID = 4297352C1FA9EEE000AB42BC;
					};
				};
			};
			buildConfigurationList = 429735281FA9EEE000AB42BC /* Build configuration list for PBXProject "CustomFonts" */;
			compatibilityVersion = "Xcode 8.0";
			developmentRegion = en;
			hasScannedForEncodings = 0;
			knownRegions = (
				en,
				Base,
				ar,
			);
			mainGroup = 429735241FA9EEE000AB42BC;
			productRefGroup = 4297352E1FA9EEE000AB42BC /* Products */;
			projectDirPath = "";
			projectRoot = "";
			targets = (
				4297352C1FA9EEE000AB42BC /* CustomFonts */,
				429735401FA9EEE000AB42BC /* CustomFontsTests */,
			);
		};
/* End PBXProject section */

/* Begin PBXResourcesBuildPhase section */
		4297352B1FA9EEE000AB42BC /* Resources */ = {
			isa = PBXResourcesBuildPhase;
			buildActionMask = 2147483647;
			files = (
				4297353B1FA9EEE000AB42BC /* LaunchScreen.storyboard in Resources */,
				42AC101E1FE9659F00E8A253 /* Localizable.strings in Resources */,
				429735531FA9F08C00AB42BC /* helveticaneuew23forsky-reg.ttf in Resources */,
				429735381FA9EEE000AB42BC /* Assets.xcassets in Resources */,
				429735541FA9F08C00AB42BC /* helveticaneuew23fosky-bd.ttf in Resources */,
				429735361FA9EEE000AB42BC /* Main.storyboard in Resources */,
			);
			runOnlyForDeploymentPostprocessing = 0;
		};
		4297353F1FA9EEE000AB42BC /* Resources */ = {
			isa = PBXResourcesBuildPhase;
			buildActionMask = 2147483647;
			files = (
			);
			runOnlyForDeploymentPostprocessing = 0;
		};
/* End PBXResourcesBuildPhase section */

/* Begin PBXSourcesBuildPhase section */
		429735291FA9EEE000AB42BC /* Sources */ = {
			isa = PBXSourcesBuildPhase;
			buildActionMask = 2147483647;
			files = (
				429735331FA9EEE000AB42BC /* ViewController.swift in Sources */,
				422991CD1FB8900D009DB651 /* Extensions.swift in Sources */,
				429735311FA9EEE000AB42BC /* AppDelegate.swift in Sources */,
				422991CF1FB890FA009DB651 /* Constants.swift in Sources */,
			);
			runOnlyForDeploymentPostprocessing = 0;
		};
		4297353D1FA9EEE000AB42BC /* Sources */ = {
			isa = PBXSourcesBuildPhase;
			buildActionMask = 2147483647;
			files = (
				429735461FA9EEE000AB42BC /* CustomFontsTests.swift in Sources */,
			);
			runOnlyForDeploymentPostprocessing = 0;
		};
/* End PBXSourcesBuildPhase section */

/* Begin PBXTargetDependency section */
		429735431FA9EEE000AB42BC /* PBXTargetDependency */ = {
			isa = PBXTargetDependency;
			target = 4297352C1FA9EEE000AB42BC /* CustomFonts */;
			targetProxy = 429735421FA9EEE000AB42BC /* PBXContainerItemProxy */;
		};
/* End PBXTargetDependency section */

/* Begin PBXVariantGroup section */
		429735341FA9EEE000AB42BC /* Main.storyboard */ = {
			isa = PBXVariantGroup;
			children = (
				429735351FA9EEE000AB42BC /* Base */,
				42AC101A1FE9614000E8A253 /* ar */,
			);
			name = Main.storyboard;
			sourceTree = "<group>";
		};
		429735391FA9EEE000AB42BC /* LaunchScreen.storyboard */ = {
			isa = PBXVariantGroup;
			children = (
				4297353A1FA9EEE000AB42BC /* Base */,
				42AC101B1FE9614000E8A253 /* ar */,
			);
			name = LaunchScreen.storyboard;
			sourceTree = "<group>";
		};
		42AC10201FE9659F00E8A253 /* Localizable.strings */ = {
			isa = PBXVariantGroup;
			children = (
				42AC10211FE965A300E8A253 /* ar */,
				42AC10221FE96C5B00E8A253 /* Base */,
			);
			name = Localizable.strings;
			path = Localizable;
			sourceTree = "<group>";
		};
/* End PBXVariantGroup section */

/* Begin XCBuildConfiguration section */
		429735481FA9EEE000AB42BC /* Debug */ = {
			isa = XCBuildConfiguration;
			buildSettings = {
				ALWAYS_SEARCH_USER_PATHS = NO;
				CLANG_ANALYZER_LOCALIZABILITY_NONLOCALIZED = YES;
				CLANG_ANALYZER_NONNULL = YES;
				CLANG_ANALYZER_NUMBER_OBJECT_CONVERSION = YES_AGGRESSIVE;
				CLANG_CXX_LANGUAGE_STANDARD = "gnu++14";
				CLANG_CXX_LIBRARY = "libc++";
				CLANG_ENABLE_MODULES = YES;
				CLANG_ENABLE_OBJC_ARC = YES;
				CLANG_WARN_BLOCK_CAPTURE_AUTORELEASING = YES;
				CLANG_WARN_BOOL_CONVERSION = YES;
				CLANG_WARN_COMMA = YES;
				CLANG_WARN_CONSTANT_CONVERSION = YES;
				CLANG_WARN_DIRECT_OBJC_ISA_USAGE = YES_ERROR;
				CLANG_WARN_DOCUMENTATION_COMMENTS = YES;
				CLANG_WARN_EMPTY_BODY = YES;
				CLANG_WARN_ENUM_CONVERSION = YES;
				CLANG_WARN_INFINITE_RECURSION = YES;
				CLANG_WARN_INT_CONVERSION = YES;
				CLANG_WARN_NON_LITERAL_NULL_CONVERSION = YES;
				CLANG_WARN_OBJC_LITERAL_CONVERSION = YES;
				CLANG_WARN_OBJC_ROOT_CLASS = YES_ERROR;
				CLANG_WARN_RANGE_LOOP_ANALYSIS = YES;
				CLANG_WARN_STRICT_PROTOTYPES = YES;
				CLANG_WARN_SUSPICIOUS_MOVE = YES;
				CLANG_WARN_UNGUARDED_AVAILABILITY = YES_AGGRESSIVE;
				CLANG_WARN_UNREACHABLE_CODE = YES;
				CLANG_WARN__DUPLICATE_METHOD_MATCH = YES;
				CODE_SIGN_IDENTITY = "iPhone Developer";
				COPY_PHASE_STRIP = NO;
				DEBUG_INFORMATION_FORMAT = dwarf;
				ENABLE_STRICT_OBJC_MSGSEND = YES;
				ENABLE_TESTABILITY = YES;
				GCC_C_LANGUAGE_STANDARD = gnu11;
				GCC_DYNAMIC_NO_PIC = NO;
				GCC_NO_COMMON_BLOCKS = YES;
				GCC_OPTIMIZATION_LEVEL = 0;
				GCC_PREPROCESSOR_DEFINITIONS = (
					"DEBUG=1",
					"$(inherited)",
				);
				GCC_WARN_64_TO_32_BIT_CONVERSION = YES;
				GCC_WARN_ABOUT_RETURN_TYPE = YES_ERROR;
				GCC_WARN_UNDECLARED_SELECTOR = YES;
				GCC_WARN_UNINITIALIZED_AUTOS = YES_AGGRESSIVE;
				GCC_WARN_UNUSED_FUNCTION = YES;
				GCC_WARN_UNUSED_VARIABLE = YES;
				IPHONEOS_DEPLOYMENT_TARGET = 11.0;
				MTL_ENABLE_DEBUG_INFO = YES;
				ONLY_ACTIVE_ARCH = YES;
				SDKROOT = iphoneos;
				SWIFT_ACTIVE_COMPILATION_CONDITIONS = DEBUG;
				SWIFT_OPTIMIZATION_LEVEL = "-Onone";
			};
			name = Debug;
		};
		429735491FA9EEE000AB42BC /* Release */ = {
			isa = XCBuildConfiguration;
			buildSettings = {
				ALWAYS_SEARCH_USER_PATHS = NO;
				CLANG_ANALYZER_LOCALIZABILITY_NONLOCALIZED = YES;
				CLANG_ANALYZER_NONNULL = YES;
				CLANG_ANALYZER_NUMBER_OBJECT_CONVERSION = YES_AGGRESSIVE;
				CLANG_CXX_LANGUAGE_STANDARD = "gnu++14";
				CLANG_CXX_LIBRARY = "libc++";
				CLANG_ENABLE_MODULES = YES;
				CLANG_ENABLE_OBJC_ARC = YES;
				CLANG_WARN_BLOCK_CAPTURE_AUTORELEASING = YES;
				CLANG_WARN_BOOL_CONVERSION = YES;
				CLANG_WARN_COMMA = YES;
				CLANG_WARN_CONSTANT_CONVERSION = YES;
				CLANG_WARN_DIRECT_OBJC_ISA_USAGE = YES_ERROR;
				CLANG_WARN_DOCUMENTATION_COMMENTS = YES;
				CLANG_WARN_EMPTY_BODY = YES;
				CLANG_WARN_ENUM_CONVERSION = YES;
				CLANG_WARN_INFINITE_RECURSION = YES;
				CLANG_WARN_INT_CONVERSION = YES;
				CLANG_WARN_NON_LITERAL_NULL_CONVERSION = YES;
				CLANG_WARN_OBJC_LITERAL_CONVERSION = YES;
				CLANG_WARN_OBJC_ROOT_CLASS = YES_ERROR;
				CLANG_WARN_RANGE_LOOP_ANALYSIS = YES;
				CLANG_WARN_STRICT_PROTOTYPES = YES;
				CLANG_WARN_SUSPICIOUS_MOVE = YES;
				CLANG_WARN_UNGUARDED_AVAILABILITY = YES_AGGRESSIVE;
				CLANG_WARN_UNREACHABLE_CODE = YES;
				CLANG_WARN__DUPLICATE_METHOD_MATCH = YES;
				CODE_SIGN_IDENTITY = "iPhone Developer";
				COPY_PHASE_STRIP = NO;
				DEBUG_INFORMATION_FORMAT = "dwarf-with-dsym";
				ENABLE_NS_ASSERTIONS = NO;
				ENABLE_STRICT_OBJC_MSGSEND = YES;
				GCC_C_LANGUAGE_STANDARD = gnu11;
				GCC_NO_COMMON_BLOCKS = YES;
				GCC_WARN_64_TO_32_BIT_CONVERSION = YES;
				GCC_WARN_ABOUT_RETURN_TYPE = YES_ERROR;
				GCC_WARN_UNDECLARED_SELECTOR = YES;
				GCC_WARN_UNINITIALIZED_AUTOS = YES_AGGRESSIVE;
				GCC_WARN_UNUSED_FUNCTION = YES;
				GCC_WARN_UNUSED_VARIABLE = YES;
				IPHONEOS_DEPLOYMENT_TARGET = 11.0;
				MTL_ENABLE_DEBUG_INFO = NO;
				SDKROOT = iphoneos;
				SWIFT_OPTIMIZATION_LEVEL = "-Owholemodule";
				VALIDATE_PRODUCT = YES;
			};
			name = Release;
		};
		4297354B1FA9EEE000AB42BC /* Debug */ = {
			isa = XCBuildConfiguration;
			buildSettings = {
				ASSETCATALOG_COMPILER_APPICON_NAME = AppIcon;
				CODE_SIGN_STYLE = Automatic;
				DEVELOPMENT_TEAM = "";
				INFOPLIST_FILE = CustomFonts/Info.plist;
				LD_RUNPATH_SEARCH_PATHS = "$(inherited) @executable_path/Frameworks";
				PRODUCT_BUNDLE_IDENTIFIER = Attiamo.CustomFonts;
				PRODUCT_NAME = "$(TARGET_NAME)";
				SWIFT_VERSION = 4.2;
				TARGETED_DEVICE_FAMILY = "1,2";
			};
			name = Debug;
		};
		4297354C1FA9EEE000AB42BC /* Release */ = {
			isa = XCBuildConfiguration;
			buildSettings = {
				ASSETCATALOG_COMPILER_APPICON_NAME = AppIcon;
				CODE_SIGN_STYLE = Automatic;
				DEVELOPMENT_TEAM = "";
				INFOPLIST_FILE = CustomFonts/Info.plist;
				LD_RUNPATH_SEARCH_PATHS = "$(inherited) @executable_path/Frameworks";
				PRODUCT_BUNDLE_IDENTIFIER = Attiamo.CustomFonts;
				PRODUCT_NAME = "$(TARGET_NAME)";
				SWIFT_VERSION = 4.2;
				TARGETED_DEVICE_FAMILY = "1,2";
			};
			name = Release;
		};
		4297354E1FA9EEE000AB42BC /* Debug */ = {
			isa = XCBuildConfiguration;
			buildSettings = {
				ALWAYS_EMBED_SWIFT_STANDARD_LIBRARIES = YES;
				BUNDLE_LOADER = "$(TEST_HOST)";
				CODE_SIGN_STYLE = Automatic;
				DEVELOPMENT_TEAM = UR4F29DJ73;
				INFOPLIST_FILE = CustomFontsTests/Info.plist;
				LD_RUNPATH_SEARCH_PATHS = "$(inherited) @executable_path/Frameworks @loader_path/Frameworks";
				PRODUCT_BUNDLE_IDENTIFIER = Attiamo.CustomFontsTests;
				PRODUCT_NAME = "$(TARGET_NAME)";
				SWIFT_VERSION = 4.2;
				TARGETED_DEVICE_FAMILY = "1,2";
				TEST_HOST = "$(BUILT_PRODUCTS_DIR)/CustomFonts.app/CustomFonts";
			};
			name = Debug;
		};
		4297354F1FA9EEE000AB42BC /* Release */ = {
			isa = XCBuildConfiguration;
			buildSettings = {
				ALWAYS_EMBED_SWIFT_STANDARD_LIBRARIES = YES;
				BUNDLE_LOADER = "$(TEST_HOST)";
				CODE_SIGN_STYLE = Automatic;
				DEVELOPMENT_TEAM = UR4F29DJ73;
				INFOPLIST_FILE = CustomFontsTests/Info.plist;
				LD_RUNPATH_SEARCH_PATHS = "$(inherited) @executable_path/Frameworks @loader_path/Frameworks";
				PRODUCT_BUNDLE_IDENTIFIER = Attiamo.CustomFontsTests;
				PRODUCT_NAME = "$(TARGET_NAME)";
				SWIFT_VERSION = 4.2;
				TARGETED_DEVICE_FAMILY = "1,2";
				TEST_HOST = "$(BUILT_PRODUCTS_DIR)/CustomFonts.app/CustomFonts";
			};
			name = Release;
		};
/* End XCBuildConfiguration section */

/* Begin XCConfigurationList section */
		429735281FA9EEE000AB42BC /* Build configuration list for PBXProject "CustomFonts" */ = {
			isa = XCConfigurationList;
			buildConfigurations = (
				429735481FA9EEE000AB42BC /* Debug */,
				429735491FA9EEE000AB42BC /* Release */,
			);
			defaultConfigurationIsVisible = 0;
			defaultConfigurationName = Release;
		};
		4297354A1FA9EEE000AB42BC /* Build configuration list for PBXNativeTarget "CustomFonts" */ = {
			isa = XCConfigurationList;
			buildConfigurations = (
				4297354B1FA9EEE000AB42BC /* Debug */,
				4297354C1FA9EEE000AB42BC /* Release */,
			);
			defaultConfigurationIsVisible = 0;
			defaultConfigurationName = Release;
		};
		4297354D1FA9EEE000AB42BC /* Build configuration list for PBXNativeTarget "CustomFontsTests" */ = {
			isa = XCConfigurationList;
			buildConfigurations = (
				4297354E1FA9EEE000AB42BC /* Debug */,
				4297354F1FA9EEE000AB42BC /* Release */,
			);
			defaultConfigurationIsVisible = 0;
			defaultConfigurationName = Release;
		};
/* End XCConfigurationList section */
	};
	rootObject = 429735251FA9EEE000AB42BC /* Project object */;
}
